
Microsoft Visual Studio Solution File, Format Version 12.00
# Visual Studio Version 17
VisualStudioVersion = 17.14.36511.14 d17.14
MinimumVisualStudioVersion = 10.0.40219.1
Project("{FAE04EC0-301F-11D3-BF4B-00C04F79EFBC}") = "MID", "MID\MID.csproj", "{D02C652C-B476-4A3F-A817-F669AD3D1A87}"
EndProject
Global
	GlobalSection(SolutionConfigurationPlatforms) = preSolution
		Debug|Any CPU = Debug|Any CPU
		Release|Any CPU = Release|Any CPU
	EndGlobalSection
	GlobalSection(ProjectConfigurationPlatforms) = postSolution
		{D02C652C-B476-4A3F-A817-F669AD3D1A87}.Debug|Any CPU.ActiveCfg = Debug|Any CPU
		{D02C652C-B476-4A3F-A817-F669AD3D1A87}.Debug|Any CPU.Build.0 = Debug|Any CPU
		{D02C652C-B476-4A3F-A817-F669AD3D1A87}.Release|Any CPU.ActiveCfg = Release|Any CPU
		{D02C652C-B476-4A3F-A817-F669AD3D1A87}.Release|Any CPU.Build.0 = Release|Any CPU
	EndGlobalSection
	GlobalSection(SolutionProperties) = preSolution
		HideSolutionNode = FALSE
	EndGlobalSection
	GlobalSection(ExtensibilityGlobals) = postSolution
		SolutionGuid = {687C2220-F190-4287-B289-2711B6EE4D33}
	EndGlobalSection
EndGlobal
